
Microsoft Visual Studio Solution File, Format Version 12.00
# Visual Studio Version 17
VisualStudioVersion = 17.5.002.0
MinimumVisualStudioVersion = 10.0.40219.1
Project("{9A19103F-16F7-4668-BE54-9A1E7A4F7556}") = "AzureFunctionsCosmosDBTrigger", "AzureFunctionsCosmosDBTrigger.csproj", "{0CE1A0AD-84DC-4292-9A89-EB290743E368}"
EndProject
Global
	GlobalSection(SolutionConfigurationPlatforms) = preSolution
		Debug|Any CPU = Debug|Any CPU
		Release|Any CPU = Release|Any CPU
	EndGlobalSection
	GlobalSection(ProjectConfigurationPlatforms) = postSolution
		{0CE1A0AD-84DC-4292-9A89-EB290743E368}.Debug|Any CPU.ActiveCfg = Debug|Any CPU
		{0CE1A0AD-84DC-4292-9A89-EB290743E368}.Debug|Any CPU.Build.0 = Debug|Any CPU
		{0CE1A0AD-84DC-4292-9A89-EB290743E368}.Release|Any CPU.ActiveCfg = Release|Any CPU
		{0CE1A0AD-84DC-4292-9A89-EB290743E368}.Release|Any CPU.Build.0 = Release|Any CPU
	EndGlobalSection
	GlobalSection(SolutionProperties) = preSolution
		HideSolutionNode = FALSE
	EndGlobalSection
	GlobalSection(ExtensibilityGlobals) = postSolution
		SolutionGuid = {8A1CF13F-70D6-4C81-96DE-2A38E0964873}
	EndGlobalSection
EndGlobal
